
Microsoft Visual Studio Solution File, Format Version 12.00
# Visual Studio 15
VisualStudioVersion = 15.0.27703.2000
MinimumVisualStudioVersion = 10.0.40219.1
Project("{9A19103F-16F7-4668-BE54-9A1E7A4F7556}") = "DocumentMaker", "MarkDownEditor\DocumentMaker.csproj", "{255B0E13-6DCB-4549-BB89-27286F046E1A}"
EndProject
Project("{FAE04EC0-301F-11D3-BF4B-00C04F79EFBC}") = "DocumentMakerExample", "DocumentMakerExample\DocumentMakerExample.csproj", "{66A8559F-5A8B-4DA3-88A8-AC62C24056A9}"
EndProject
Project("{2150E333-8FDC-42A3-9474-1A3956D46DE8}") = "Solution Items", "Solution Items", "{B81E585E-005E-488A-AD46-D99CB7A9159A}"
	ProjectSection(SolutionItems) = preProject
		README.md = README.md
	EndProjectSection
EndProject
Global
	GlobalSection(SolutionConfigurationPlatforms) = preSolution
		Debug|Any CPU = Debug|Any CPU
		Release|Any CPU = Release|Any CPU
	EndGlobalSection
	GlobalSection(ProjectConfigurationPlatforms) = postSolution
		{255B0E13-6DCB-4549-BB89-27286F046E1A}.Debug|Any CPU.ActiveCfg = Debug|Any CPU
		{255B0E13-6DCB-4549-BB89-27286F046E1A}.Debug|Any CPU.Build.0 = Debug|Any CPU
		{255B0E13-6DCB-4549-BB89-27286F046E1A}.Release|Any CPU.ActiveCfg = Release|Any CPU
		{255B0E13-6DCB-4549-BB89-27286F046E1A}.Release|Any CPU.Build.0 = Release|Any CPU
		{66A8559F-5A8B-4DA3-88A8-AC62C24056A9}.Debug|Any CPU.ActiveCfg = Debug|Any CPU
		{66A8559F-5A8B-4DA3-88A8-AC62C24056A9}.Debug|Any CPU.Build.0 = Debug|Any CPU
		{66A8559F-5A8B-4DA3-88A8-AC62C24056A9}.Release|Any CPU.ActiveCfg = Release|Any CPU
		{66A8559F-5A8B-4DA3-88A8-AC62C24056A9}.Release|Any CPU.Build.0 = Release|Any CPU
	EndGlobalSection
	GlobalSection(SolutionProperties) = preSolution
		HideSolutionNode = FALSE
	EndGlobalSection
	GlobalSection(ExtensibilityGlobals) = postSolution
		SolutionGuid = {E0EB0BA3-72A5-4E71-A9EE-8E432ABD3D88}
	EndGlobalSection
EndGlobal
